// !$*UTF8*$!
{
	archiveVersion = 1;
	classes = {
	};
	objectVersion = 46;
	objects = {

/* Begin PBXBuildFile section */
		1690760B1B7C71870062085B /* main.m in Sources */ = {isa = PBXBuildFile; fileRef = 1690760A1B7C71870062085B /* main.m */; };
		1690760E1B7C71870062085B /* AppDelegate.m in Sources */ = {isa = PBXBuildFile; fileRef = 1690760D1B7C71870062085B /* AppDelegate.m */; };
		169076111B7C71870062085B /* ViewController.m in Sources */ = {isa = PBXBuildFile; fileRef = 169076101B7C71870062085B /* ViewController.m */; };
		169076141B7C71870062085B /* Main.storyboard in Resources */ = {isa = PBXBuildFile; fileRef = 169076121B7C71870062085B /* Main.storyboard */; };
		169076161B7C71870062085B /* Images.xcassets in Resources */ = {isa = PBXBuildFile; fileRef = 169076151B7C71870062085B /* Images.xcassets */; };
		169076191B7C71870062085B /* LaunchScreen.xib in Resources */ = {isa = PBXBuildFile; fileRef = 169076171B7C71870062085B /* LaunchScreen.xib */; };
		169076251B7C71870062085B /* AFNSocketTests.m in Sources */ = {isa = PBXBuildFile; fileRef = 169076241B7C71870062085B /* AFNSocketTests.m */; };
		169076331B7C71D50062085B /* SocketOperation.m in Sources */ = {isa = PBXBuildFile; fileRef = 169076301B7C71D50062085B /* SocketOperation.m */; };
		169076341B7C71D50062085B /* SocketOperationManager.m in Sources */ = {isa = PBXBuildFile; fileRef = 169076321B7C71D50062085B /* SocketOperationManager.m */; };
/* End PBXBuildFile section */

/* Begin PBXContainerItemProxy section */
		1690761F1B7C71870062085B /* PBXContainerItemProxy */ = {
			isa = PBXContainerItemProxy;
			containerPortal = 169075FD1B7C71870062085B /* Project object */;
			proxyType = 1;
			remoteGlobalIDString = 169076041B7C71870062085B;
			remoteInfo = AFNSocket;
		};
/* End PBXContainerItemProxy section */

/* Begin PBXFileReference section */
		169076051B7C71870062085B /* AFNSocket.app */ = {isa = PBXFileReference; explicitFileType = wrapper.application; includeInIndex = 0; path = AFNSocket.app; sourceTree = BUILT_PRODUCTS_DIR; };
		169076091B7C71870062085B /* Info.plist */ = {isa = PBXFileReference; lastKnownFileType = text.plist.xml; path = Info.plist; sourceTree = "<group>"; };
		1690760A1B7C71870062085B /* main.m */ = {isa = PBXFileReference; lastKnownFileType = sourcecode.c.objc; path = main.m; sourceTree = "<group>"; };
		1690760C1B7C71870062085B /* AppDelegate.h */ = {isa = PBXFileReference; lastKnownFileType = sourcecode.c.h; path = AppDelegate.h; sourceTree = "<group>"; };
		1690760D1B7C71870062085B /* AppDelegate.m */ = {isa = PBXFileReference; lastKnownFileType = sourcecode.c.objc; path = AppDelegate.m; sourceTree = "<group>"; };
		1690760F1B7C71870062085B /* ViewController.h */ = {isa = PBXFileReference; lastKnownFileType = sourcecode.c.h; path = ViewController.h; sourceTree = "<group>"; };
		169076101B7C71870062085B /* ViewController.m */ = {isa = PBXFileReference; lastKnownFileType = sourcecode.c.objc; path = ViewController.m; sourceTree = "<group>"; };
		169076131B7C71870062085B /* Base */ = {isa = PBXFileReference; lastKnownFileType = file.storyboard; name = Base; path = Base.lproj/Main.storyboard; sourceTree = "<group>"; };
		169076151B7C71870062085B /* Images.xcassets */ = {isa = PBXFileReference; lastKnownFileType = folder.assetcatalog; path = Images.xcassets; sourceTree = "<group>"; };
		169076181B7C71870062085B /* Base */ = {isa = PBXFileReference; lastKnownFileType = file.xib; name = Base; path = Base.lproj/LaunchScreen.xib; sourceTree = "<group>"; };
		1690761E1B7C71870062085B /* AFNSocketTests.xctest */ = {isa = PBXFileReference; explicitFileType = wrapper.cfbundle; includeInIndex = 0; path = AFNSocketTests.xctest; sourceTree = BUILT_PRODUCTS_DIR; };
		169076231B7C71870062085B /* Info.plist */ = {isa = PBXFileReference; lastKnownFileType = text.plist.xml; path = Info.plist; sourceTree = "<group>"; };
		169076241B7C71870062085B /* AFNSocketTests.m */ = {isa = PBXFileReference; lastKnownFileType = sourcecode.c.objc; path = AFNSocketTests.m; sourceTree = "<group>"; };
		1690762F1B7C71D50062085B /* SocketOperation.h */ = {isa = PBXFileReference; fileEncoding = 4; lastKnownFileType = sourcecode.c.h; path = SocketOperation.h; sourceTree = "<group>"; };
		169076301B7C71D50062085B /* SocketOperation.m */ = {isa = PBXFileReference; fileEncoding = 4; lastKnownFileType = sourcecode.c.objc; path = SocketOperation.m; sourceTree = "<group>"; };
		169076311B7C71D50062085B /* SocketOperationManager.h */ = {isa = PBXFileReference; fileEncoding = 4; lastKnownFileType = sourcecode.c.h; path = SocketOperationManager.h; sourceTree = "<group>"; };
		169076321B7C71D50062085B /* SocketOperationManager.m */ = {isa = PBXFileReference; fileEncoding = 4; lastKnownFileType = sourcecode.c.objc; path = SocketOperationManager.m; sourceTree = "<group>"; };
/* End PBXFileReference section */

/* Begin PBXFrameworksBuildPhase section */
		169076021B7C71870062085B /* Frameworks */ = {
			isa = PBXFrameworksBuildPhase;
			buildActionMask = 2147483647;
			files = (
			);
			runOnlyForDeploymentPostprocessing = 0;
		};
		1690761B1B7C71870062085B /* Frameworks */ = {
			isa = PBXFrameworksBuildPhase;
			buildActionMask = 2147483647;
			files = (
			);
			runOnlyForDeploymentPostprocessing = 0;
		};
/* End PBXFrameworksBuildPhase section */

/* Begin PBXGroup section */
		169075FC1B7C71870062085B = {
			isa = PBXGroup;
			children = (
				169076071B7C71870062085B /* AFNSocket */,
				169076211B7C71870062085B /* AFNSocketTests */,
				169076061B7C71870062085B /* Products */,
			);
			sourceTree = "<group>";
		};
		169076061B7C71870062085B /* Products */ = {
			isa = PBXGroup;
			children = (
				169076051B7C71870062085B /* AFNSocket.app */,
				1690761E1B7C71870062085B /* AFNSocketTests.xctest */,
			);
			name = Products;
			sourceTree = "<group>";
		};
		169076071B7C71870062085B /* AFNSocket */ = {
			isa = PBXGroup;
			children = (
				1690762E1B7C71B00062085B /* AFNSocket */,
				1690760C1B7C71870062085B /* AppDelegate.h */,
				1690760D1B7C71870062085B /* AppDelegate.m */,
				1690760F1B7C71870062085B /* ViewController.h */,
				169076101B7C71870062085B /* ViewController.m */,
				169076121B7C71870062085B /* Main.storyboard */,
				169076151B7C71870062085B /* Images.xcassets */,
				169076171B7C71870062085B /* LaunchScreen.xib */,
				169076081B7C71870062085B /* Supporting Files */,
			);
			path = AFNSocket;
			sourceTree = "<group>";
		};
		169076081B7C71870062085B /* Supporting Files */ = {
			isa = PBXGroup;
			children = (
				169076091B7C71870062085B /* Info.plist */,
				1690760A1B7C71870062085B /* main.m */,
			);
			name = "Supporting Files";
			sourceTree = "<group>";
		};
		169076211B7C71870062085B /* AFNSocketTests */ = {
			isa = PBXGroup;
			children = (
				169076241B7C71870062085B /* AFNSocketTests.m */,
				169076221B7C71870062085B /* Supporting Files */,
			);
			path = AFNSocketTests;
			sourceTree = "<group>";
		};
		169076221B7C71870062085B /* Supporting Files */ = {
			isa = PBXGroup;
			children = (
				169076231B7C71870062085B /* Info.plist */,
			);
			name = "Supporting Files";
			sourceTree = "<group>";
		};
		1690762E1B7C71B00062085B /* AFNSocket */ = {
			isa = PBXGroup;
			children = (
				1690762F1B7C71D50062085B /* SocketOperation.h */,
				169076301B7C71D50062085B /* SocketOperation.m */,
				169076311B7C71D50062085B /* SocketOperationManager.h */,
				169076321B7C71D50062085B /* SocketOperationManager.m */,
			);
			path = AFNSocket;
			sourceTree = "<group>";
		};
/* End PBXGroup section */

/* Begin PBXNativeTarget section */
		169076041B7C71870062085B /* AFNSocket */ = {
			isa = PBXNativeTarget;
			buildConfigurationList = 169076281B7C71870062085B /* Build configuration list for PBXNativeTarget "AFNSocket" */;
			buildPhases = (
				169076011B7C71870062085B /* Sources */,
				169076021B7C71870062085B /* Frameworks */,
				169076031B7C71870062085B /* Resources */,
			);
			buildRules = (
			);
			dependencies = (
			);
			name = AFNSocket;
			productName = AFNSocket;
			productReference = 169076051B7C71870062085B /* AFNSocket.app */;
			productType = "com.apple.product-type.application";
		};
		1690761D1B7C71870062085B /* AFNSocketTests */ = {
			isa = PBXNativeTarget;
			buildConfigurationList = 1690762B1B7C71870062085B /* Build configuration list for PBXNativeTarget "AFNSocketTests" */;
			buildPhases = (
				1690761A1B7C71870062085B /* Sources */,
				1690761B1B7C71870062085B /* Frameworks */,
				1690761C1B7C71870062085B /* Resources */,
			);
			buildRules = (
			);
			dependencies = (
				169076201B7C71870062085B /* PBXTargetDependency */,
			);
			name = AFNSocketTests;
			productName = AFNSocketTests;
			productReference = 1690761E1B7C71870062085B /* AFNSocketTests.xctest */;
			productType = "com.apple.product-type.bundle.unit-test";
		};
/* End PBXNativeTarget section */

/* Begin PBXProject section */
		169075FD1B7C71870062085B /* Project object */ = {
			isa = PBXProject;
			attributes = {
				LastUpgradeCheck = 0640;
				ORGANIZATIONNAME = "王勇";
				TargetAttributes = {
					169076041B7C71870062085B = {
						CreatedOnToolsVersion = 6.4;
					};
					1690761D1B7C71870062085B = {
						CreatedOnToolsVersion = 6.4;
						TestTargetID = 169076041B7C71870062085B;
					};
				};
			};
			buildConfigurationList = 169076001B7C71870062085B /* Build configuration list for PBXProject "AFNSocket" */;
			compatibilityVersion = "Xcode 3.2";
			developmentRegion = English;
			hasScannedForEncodings = 0;
			knownRegions = (
				en,
				Base,
			);
			mainGroup = 169075FC1B7C71870062085B;
			productRefGroup = 169076061B7C71870062085B /* Products */;
			projectDirPath = "";
			projectRoot = "";
			targets = (
				169076041B7C71870062085B /* AFNSocket */,
				1690761D1B7C71870062085B /* AFNSocketTests */,
			);
		};
/* End PBXProject section */

/* Begin PBXResourcesBuildPhase section */
		169076031B7C71870062085B /* Resources */ = {
			isa = PBXResourcesBuildPhase;
			buildActionMask = 2147483647;
			files = (
				169076141B7C71870062085B /* Main.storyboard in Resources */,
				169076191B7C71870062085B /* LaunchScreen.xib in Resources */,
				169076161B7C71870062085B /* Images.xcassets in Resources */,
			);
			runOnlyForDeploymentPostprocessing = 0;
		};
		1690761C1B7C71870062085B /* Resources */ = {
			isa = PBXResourcesBuildPhase;
			buildActionMask = 2147483647;
			files = (
			);
			runOnlyForDeploymentPostprocessing = 0;
		};
/* End PBXResourcesBuildPhase section */

/* Begin PBXSourcesBuildPhase section */
		169076011B7C71870062085B /* Sources */ = {
			isa = PBXSourcesBuildPhase;
			buildActionMask = 2147483647;
			files = (
				169076111B7C71870062085B /* ViewController.m in Sources */,
				1690760E1B7C71870062085B /* AppDelegate.m in Sources */,
				169076331B7C71D50062085B /* SocketOperation.m in Sources */,
				169076341B7C71D50062085B /* SocketOperationManager.m in Sources */,
				1690760B1B7C71870062085B /* main.m in Sources */,
			);
			runOnlyForDeploymentPostprocessing = 0;
		};
		1690761A1B7C71870062085B /* Sources */ = {
			isa = PBXSourcesBuildPhase;
			buildActionMask = 2147483647;
			files = (
				169076251B7C71870062085B /* AFNSocketTests.m in Sources */,
			);
			runOnlyForDeploymentPostprocessing = 0;
		};
/* End PBXSourcesBuildPhase section */

/* Begin PBXTargetDependency section */
		169076201B7C71870062085B /* PBXTargetDependency */ = {
			isa = PBXTargetDependency;
			target = 169076041B7C71870062085B /* AFNSocket */;
			targetProxy = 1690761F1B7C71870062085B /* PBXContainerItemProxy */;
		};
/* End PBXTargetDependency section */

/* Begin PBXVariantGroup section */
		169076121B7C71870062085B /* Main.storyboard */ = {
			isa = PBXVariantGroup;
			children = (
				169076131B7C71870062085B /* Base */,
			);
			name = Main.storyboard;
			sourceTree = "<group>";
		};
		169076171B7C71870062085B /* LaunchScreen.xib */ = {
			isa = PBXVariantGroup;
			children = (
				169076181B7C71870062085B /* Base */,
			);
			name = LaunchScreen.xib;
			sourceTree = "<group>";
		};
/* End PBXVariantGroup section */

/* Begin XCBuildConfiguration section */
		169076261B7C71870062085B /* Debug */ = {
			isa = XCBuildConfiguration;
			buildSettings = {
				ALWAYS_SEARCH_USER_PATHS = NO;
				CLANG_CXX_LANGUAGE_STANDARD = "gnu++0x";
				CLANG_CXX_LIBRARY = "libc++";
				CLANG_ENABLE_MODULES = YES;
				CLANG_ENABLE_OBJC_ARC = YES;
				CLANG_WARN_BOOL_CONVERSION = YES;
				CLANG_WARN_CONSTANT_CONVERSION = YES;
				CLANG_WARN_DIRECT_OBJC_ISA_USAGE = YES_ERROR;
				CLANG_WARN_EMPTY_BODY = YES;
				CLANG_WARN_ENUM_CONVERSION = YES;
				CLANG_WARN_INT_CONVERSION = YES;
				CLANG_WARN_OBJC_ROOT_CLASS = YES_ERROR;
				CLANG_WARN_UNREACHABLE_CODE = YES;
				CLANG_WARN__DUPLICATE_METHOD_MATCH = YES;
				"CODE_SIGN_IDENTITY[sdk=iphoneos*]" = "iPhone Developer";
				COPY_PHASE_STRIP = NO;
				DEBUG_INFORMATION_FORMAT = "dwarf-with-dsym";
				ENABLE_STRICT_OBJC_MSGSEND = YES;
				GCC_C_LANGUAGE_STANDARD = gnu99;
				GCC_DYNAMIC_NO_PIC = NO;
				GCC_NO_COMMON_BLOCKS = YES;
				GCC_OPTIMIZATION_LEVEL = 0;
				GCC_PREPROCESSOR_DEFINITIONS = (
					"DEBUG=1",
					"$(inherited)",
				);
				GCC_SYMBOLS_PRIVATE_EXTERN = NO;
				GCC_WARN_64_TO_32_BIT_CONVERSION = YES;
				GCC_WARN_ABOUT_RETURN_TYPE = YES_ERROR;
				GCC_WARN_UNDECLARED_SELECTOR = YES;
				GCC_WARN_UNINITIALIZED_AUTOS = YES_AGGRESSIVE;
				GCC_WARN_UNUSED_FUNCTION = YES;
				GCC_WARN_UNUSED_VARIABLE = YES;
				IPHONEOS_DEPLOYMENT_TARGET = 8.4;
				MTL_ENABLE_DEBUG_INFO = YES;
				ONLY_ACTIVE_ARCH = YES;
				SDKROOT = iphoneos;
			};
			name = Debug;
		};
		169076271B7C71870062085B /* Release */ = {
			isa = XCBuildConfiguration;
			buildSettings = {
				ALWAYS_SEARCH_USER_PATHS = NO;
				CLANG_CXX_LANGUAGE_STANDARD = "gnu++0x";
				CLANG_CXX_LIBRARY = "libc++";
				CLANG_ENABLE_MODULES = YES;
				CLANG_ENABLE_OBJC_ARC = YES;
				CLANG_WARN_BOOL_CONVERSION = YES;
				CLANG_WARN_CONSTANT_CONVERSION = YES;
				CLANG_WARN_DIRECT_OBJC_ISA_USAGE = YES_ERROR;
				CLANG_WARN_EMPTY_BODY = YES;
				CLANG_WARN_ENUM_CONVERSION = YES;
				CLANG_WARN_INT_CONVERSION = YES;
				CLANG_WARN_OBJC_ROOT_CLASS = YES_ERROR;
				CLANG_WARN_UNREACHABLE_CODE = YES;
				CLANG_WARN__DUPLICATE_METHOD_MATCH = YES;
				"CODE_SIGN_IDENTITY[sdk=iphoneos*]" = "iPhone Developer";
				COPY_PHASE_STRIP = NO;
				DEBUG_INFORMATION_FORMAT = "dwarf-with-dsym";
				ENABLE_NS_ASSERTIONS = NO;
				ENABLE_STRICT_OBJC_MSGSEND = YES;
				GCC_C_LANGUAGE_STANDARD = gnu99;
				GCC_NO_COMMON_BLOCKS = YES;
				GCC_WARN_64_TO_32_BIT_CONVERSION = YES;
				GCC_WARN_ABOUT_RETURN_TYPE = YES_ERROR;
				GCC_WARN_UNDECLARED_SELECTOR = YES;
				GCC_WARN_UNINITIALIZED_AUTOS = YES_AGGRESSIVE;
				GCC_WARN_UNUSED_FUNCTION = YES;
				GCC_WARN_UNUSED_VARIABLE = YES;
				IPHONEOS_DEPLOYMENT_TARGET = 8.4;
				MTL_ENABLE_DEBUG_INFO = NO;
				SDKROOT = iphoneos;
				VALIDATE_PRODUCT = YES;
			};
			name = Release;
		};
		169076291B7C71870062085B /* Debug */ = {
			isa = XCBuildConfiguration;
			buildSettings = {
				ASSETCATALOG_COMPILER_APPICON_NAME = AppIcon;
				INFOPLIST_FILE = AFNSocket/Info.plist;
				LD_RUNPATH_SEARCH_PATHS = "$(inherited) @executable_path/Frameworks";
				PRODUCT_NAME = "$(TARGET_NAME)";
			};
			name = Debug;
		};
		1690762A1B7C71870062085B /* Release */ = {
			isa = XCBuildConfiguration;
			buildSettings = {
				ASSETCATALOG_COMPILER_APPICON_NAME = AppIcon;
				INFOPLIST_FILE = AFNSocket/Info.plist;
				LD_RUNPATH_SEARCH_PATHS = "$(inherited) @executable_path/Frameworks";
				PRODUCT_NAME = "$(TARGET_NAME)";
			};
			name = Release;
		};
		1690762C1B7C71870062085B /* Debug */ = {
			isa = XCBuildConfiguration;
			buildSettings = {
				BUNDLE_LOADER = "$(TEST_HOST)";
				FRAMEWORK_SEARCH_PATHS = (
					"$(SDKROOT)/Developer/Library/Frameworks",
					"$(inherited)",
				);
				GCC_PREPROCESSOR_DEFINITIONS = (
					"DEBUG=1",
					"$(inherited)",
				);
				INFOPLIST_FILE = AFNSocketTests/Info.plist;
				LD_RUNPATH_SEARCH_PATHS = "$(inherited) @executable_path/Frameworks @loader_path/Frameworks";
				PRODUCT_NAME = "$(TARGET_NAME)";
				TEST_HOST = "$(BUILT_PRODUCTS_DIR)/AFNSocket.app/AFNSocket";
			};
			name = Debug;
		};
		1690762D1B7C71870062085B /* Release */ = {
			isa = XCBuildConfiguration;
			buildSettings = {
				BUNDLE_LOADER = "$(TEST_HOST)";
				FRAMEWORK_SEARCH_PATHS = (
					"$(SDKROOT)/Developer/Library/Frameworks",
					"$(inherited)",
				);
				INFOPLIST_FILE = AFNSocketTests/Info.plist;
				LD_RUNPATH_SEARCH_PATHS = "$(inherited) @executable_path/Frameworks @loader_path/Frameworks";
				PRODUCT_NAME = "$(TARGET_NAME)";
				TEST_HOST = "$(BUILT_PRODUCTS_DIR)/AFNSocket.app/AFNSocket";
			};
			name = Release;
		};
/* End XCBuildConfiguration section */

/* Begin XCConfigurationList section */
		169076001B7C71870062085B /* Build configuration list for PBXProject "AFNSocket" */ = {
			isa = XCConfigurationList;
			buildConfigurations = (
				169076261B7C71870062085B /* Debug */,
				169076271B7C71870062085B /* Release */,
			);
			defaultConfigurationIsVisible = 0;
			defaultConfigurationName = Release;
		};
		169076281B7C71870062085B /* Build configuration list for PBXNativeTarget "AFNSocket" */ = {
			isa = XCConfigurationList;
			buildConfigurations = (
				169076291B7C71870062085B /* Debug */,
				1690762A1B7C71870062085B /* Release */,
			);
			defaultConfigurationIsVisible = 0;
		};
		1690762B1B7C71870062085B /* Build configuration list for PBXNativeTarget "AFNSocketTests" */ = {
			isa = XCConfigurationList;
			buildConfigurations = (
				1690762C1B7C71870062085B /* Debug */,
				1690762D1B7C71870062085B /* Release */,
			);
			defaultConfigurationIsVisible = 0;
		};
/* End XCConfigurationList section */
	};
	rootObject = 169075FD1B7C71870062085B /* Project object */;
}
